
Microsoft Visual Studio Solution File, Format Version 12.00
# Visual Studio 14
VisualStudioVersion = 14.0.23107.0
MinimumVisualStudioVersion = 10.0.40219.1
Project("{FAE04EC0-301F-11D3-BF4B-00C04F79EFBC}") = "Hitech.Data", "Hitech.Data\Hitech.Data.csproj", "{FE229AAC-F8B9-4444-8CA4-509F148ECDDA}"
EndProject
Global
	GlobalSection(SolutionConfigurationPlatforms) = preSolution
		Debug|Any CPU = Debug|Any CPU
		Release|Any CPU = Release|Any CPU
	EndGlobalSection
	GlobalSection(ProjectConfigurationPlatforms) = postSolution
		{FE229AAC-F8B9-4444-8CA4-509F148ECDDA}.Debug|Any CPU.ActiveCfg = Debug|Any CPU
		{FE229AAC-F8B9-4444-8CA4-509F148ECDDA}.Debug|Any CPU.Build.0 = Debug|Any CPU
		{FE229AAC-F8B9-4444-8CA4-509F148ECDDA}.Release|Any CPU.ActiveCfg = Release|Any CPU
		{FE229AAC-F8B9-4444-8CA4-509F148ECDDA}.Release|Any CPU.Build.0 = Release|Any CPU
	EndGlobalSection
	GlobalSection(SolutionProperties) = preSolution
		HideSolutionNode = FALSE
	EndGlobalSection
EndGlobal
